
Microsoft Visual Studio Solution File, Format Version 12.00
# Visual Studio 15
VisualStudioVersion = 15.0.26124.0
MinimumVisualStudioVersion = 15.0.26124.0
Project("{FAE04EC0-301F-11D3-BF4B-00C04F79EFBC}") = "Text", "Text\Text.csproj", "{18D1A28B-774F-479E-A48B-12F922307FD9}"
EndProject
Project("{FAE04EC0-301F-11D3-BF4B-00C04F79EFBC}") = "Text.Tests", "Text.Tests\Text.Tests.csproj", "{D8DEBAED-D63D-4345-A25C-58B4C904DA93}"
EndProject
Global
	GlobalSection(SolutionConfigurationPlatforms) = preSolution
		Debug|Any CPU = Debug|Any CPU
		Debug|x64 = Debug|x64
		Debug|x86 = Debug|x86
		Release|Any CPU = Release|Any CPU
		Release|x64 = Release|x64
		Release|x86 = Release|x86
	EndGlobalSection
	GlobalSection(SolutionProperties) = preSolution
		HideSolutionNode = FALSE
	EndGlobalSection
	GlobalSection(ProjectConfigurationPlatforms) = postSolution
		{18D1A28B-774F-479E-A48B-12F922307FD9}.Debug|Any CPU.ActiveCfg = Debug|Any CPU
		{18D1A28B-774F-479E-A48B-12F922307FD9}.Debug|Any CPU.Build.0 = Debug|Any CPU
		{18D1A28B-774F-479E-A48B-12F922307FD9}.Debug|x64.ActiveCfg = Debug|Any CPU
		{18D1A28B-774F-479E-A48B-12F922307FD9}.Debug|x64.Build.0 = Debug|Any CPU
		{18D1A28B-774F-479E-A48B-12F922307FD9}.Debug|x86.ActiveCfg = Debug|Any CPU
		{18D1A28B-774F-479E-A48B-12F922307FD9}.Debug|x86.Build.0 = Debug|Any CPU
		{18D1A28B-774F-479E-A48B-12F922307FD9}.Release|Any CPU.ActiveCfg = Release|Any CPU
		{18D1A28B-774F-479E-A48B-12F922307FD9}.Release|Any CPU.Build.0 = Release|Any CPU
		{18D1A28B-774F-479E-A48B-12F922307FD9}.Release|x64.ActiveCfg = Release|Any CPU
		{18D1A28B-774F-479E-A48B-12F922307FD9}.Release|x64.Build.0 = Release|Any CPU
		{18D1A28B-774F-479E-A48B-12F922307FD9}.Release|x86.ActiveCfg = Release|Any CPU
		{18D1A28B-774F-479E-A48B-12F922307FD9}.Release|x86.Build.0 = Release|Any CPU
		{D8DEBAED-D63D-4345-A25C-58B4C904DA93}.Debug|Any CPU.ActiveCfg = Debug|Any CPU
		{D8DEBAED-D63D-4345-A25C-58B4C904DA93}.Debug|Any CPU.Build.0 = Debug|Any CPU
		{D8DEBAED-D63D-4345-A25C-58B4C904DA93}.Debug|x64.ActiveCfg = Debug|Any CPU
		{D8DEBAED-D63D-4345-A25C-58B4C904DA93}.Debug|x64.Build.0 = Debug|Any CPU
		{D8DEBAED-D63D-4345-A25C-58B4C904DA93}.Debug|x86.ActiveCfg = Debug|Any CPU
		{D8DEBAED-D63D-4345-A25C-58B4C904DA93}.Debug|x86.Build.0 = Debug|Any CPU
		{D8DEBAED-D63D-4345-A25C-58B4C904DA93}.Release|Any CPU.ActiveCfg = Release|Any CPU
		{D8DEBAED-D63D-4345-A25C-58B4C904DA93}.Release|Any CPU.Build.0 = Release|Any CPU
		{D8DEBAED-D63D-4345-A25C-58B4C904DA93}.Release|x64.ActiveCfg = Release|Any CPU
		{D8DEBAED-D63D-4345-A25C-58B4C904DA93}.Release|x64.Build.0 = Release|Any CPU
		{D8DEBAED-D63D-4345-A25C-58B4C904DA93}.Release|x86.ActiveCfg = Release|Any CPU
		{D8DEBAED-D63D-4345-A25C-58B4C904DA93}.Release|x86.Build.0 = Release|Any CPU
	EndGlobalSection
EndGlobal
